
Microsoft Visual Studio Solution File, Format Version 12.00
# Visual Studio 14
VisualStudioVersion = 14.0.25420.1
MinimumVisualStudioVersion = 10.0.40219.1
Project("{2150E333-8FDC-42A3-9474-1A3956D46DE8}") = "src", "src", "{385FB904-D483-4FC4-AE77-94D9D36E3A35}"
EndProject
Project("{2150E333-8FDC-42A3-9474-1A3956D46DE8}") = "Solution Items", "Solution Items", "{5EA2254E-C985-48E4-8FF9-F066421E91A7}"
	ProjectSection(SolutionItems) = preProject
		.gitignore = .gitignore
		CplSharp.sln.DotSettings = CplSharp.sln.DotSettings
		global.json = global.json
		LICENSE = LICENSE
		README.md = README.md
		Settings.StyleCop = Settings.StyleCop
	EndProjectSection
EndProject
Project("{8BB2217D-0F2D-49D1-97BC-3654ED321F3B}") = "CplSharp", "src\CplSharp\CplSharp.xproj", "{483FDA89-690A-48D5-9231-16B7AA06467B}"
EndProject
Project("{2150E333-8FDC-42A3-9474-1A3956D46DE8}") = "test", "test", "{A2C71E81-4361-4FAF-BC9B-4422FBD3AAE5}"
EndProject
Project("{8BB2217D-0F2D-49D1-97BC-3654ED321F3B}") = "CplSharp.ConsoleApp", "test\CplSharp.ConsoleApp\CplSharp.ConsoleApp.xproj", "{4874F8A6-0F98-41A8-897F-8B9C1B2BC1B8}"
EndProject
Project("{8BB2217D-0F2D-49D1-97BC-3654ED321F3B}") = "CplSharp.Tests", "test\CplSharp.Tests\CplSharp.Tests.xproj", "{7B0D5A41-F442-44B9-ABBE-8F49A6E9980E}"
EndProject
Global
	GlobalSection(SolutionConfigurationPlatforms) = preSolution
		Debug|Any CPU = Debug|Any CPU
		Release|Any CPU = Release|Any CPU
	EndGlobalSection
	GlobalSection(ProjectConfigurationPlatforms) = postSolution
		{483FDA89-690A-48D5-9231-16B7AA06467B}.Debug|Any CPU.ActiveCfg = Debug|Any CPU
		{483FDA89-690A-48D5-9231-16B7AA06467B}.Debug|Any CPU.Build.0 = Debug|Any CPU
		{483FDA89-690A-48D5-9231-16B7AA06467B}.Release|Any CPU.ActiveCfg = Release|Any CPU
		{483FDA89-690A-48D5-9231-16B7AA06467B}.Release|Any CPU.Build.0 = Release|Any CPU
		{4874F8A6-0F98-41A8-897F-8B9C1B2BC1B8}.Debug|Any CPU.ActiveCfg = Debug|Any CPU
		{4874F8A6-0F98-41A8-897F-8B9C1B2BC1B8}.Debug|Any CPU.Build.0 = Debug|Any CPU
		{4874F8A6-0F98-41A8-897F-8B9C1B2BC1B8}.Release|Any CPU.ActiveCfg = Release|Any CPU
		{4874F8A6-0F98-41A8-897F-8B9C1B2BC1B8}.Release|Any CPU.Build.0 = Release|Any CPU
		{7B0D5A41-F442-44B9-ABBE-8F49A6E9980E}.Debug|Any CPU.ActiveCfg = Debug|Any CPU
		{7B0D5A41-F442-44B9-ABBE-8F49A6E9980E}.Debug|Any CPU.Build.0 = Debug|Any CPU
		{7B0D5A41-F442-44B9-ABBE-8F49A6E9980E}.Release|Any CPU.ActiveCfg = Release|Any CPU
		{7B0D5A41-F442-44B9-ABBE-8F49A6E9980E}.Release|Any CPU.Build.0 = Release|Any CPU
	EndGlobalSection
	GlobalSection(SolutionProperties) = preSolution
		HideSolutionNode = FALSE
	EndGlobalSection
	GlobalSection(NestedProjects) = preSolution
		{483FDA89-690A-48D5-9231-16B7AA06467B} = {385FB904-D483-4FC4-AE77-94D9D36E3A35}
		{4874F8A6-0F98-41A8-897F-8B9C1B2BC1B8} = {A2C71E81-4361-4FAF-BC9B-4422FBD3AAE5}
		{7B0D5A41-F442-44B9-ABBE-8F49A6E9980E} = {A2C71E81-4361-4FAF-BC9B-4422FBD3AAE5}
	EndGlobalSection
EndGlobal
